
Microsoft Visual Studio Solution File, Format Version 12.00
# Visual Studio Version 16
VisualStudioVersion = 16.0.30621.155
MinimumVisualStudioVersion = 10.0.40219.1
Project("{FAE04EC0-301F-11D3-BF4B-00C04F79EFBC}") = "LibWorkInstructions", "LibWorkInstructions.csproj", "{7371EF00-C467-4304-83D8-808A5BA6B5C0}"
EndProject
Project("{2150E333-8FDC-42A3-9474-1A3956D46DE8}") = "Solution Items", "Solution Items", "{82051B3B-65B4-4FD3-91C0-1CCB1D14CA2C}"
	ProjectSection(SolutionItems) = preProject
		.editorconfig = .editorconfig
	EndProjectSection
EndProject
Global
	GlobalSection(SolutionConfigurationPlatforms) = preSolution
		Debug|Any CPU = Debug|Any CPU
		Release|Any CPU = Release|Any CPU
	EndGlobalSection
	GlobalSection(ProjectConfigurationPlatforms) = postSolution
		{7371EF00-C467-4304-83D8-808A5BA6B5C0}.Debug|Any CPU.ActiveCfg = Debug|Any CPU
		{7371EF00-C467-4304-83D8-808A5BA6B5C0}.Debug|Any CPU.Build.0 = Debug|Any CPU
		{7371EF00-C467-4304-83D8-808A5BA6B5C0}.Release|Any CPU.ActiveCfg = Release|Any CPU
		{7371EF00-C467-4304-83D8-808A5BA6B5C0}.Release|Any CPU.Build.0 = Release|Any CPU
	EndGlobalSection
	GlobalSection(SolutionProperties) = preSolution
		HideSolutionNode = FALSE
	EndGlobalSection
	GlobalSection(ExtensibilityGlobals) = postSolution
		SolutionGuid = {42911B5F-AD7D-4130-B594-CE27BE8EA11F}
	EndGlobalSection
EndGlobal
