
Microsoft Visual Studio Solution File, Format Version 12.00
# Visual Studio Version 16
VisualStudioVersion = 16.0.30621.155
MinimumVisualStudioVersion = 10.0.40219.1
Project("{9A19103F-16F7-4668-BE54-9A1E7A4F7556}") = "LibWorkInstructions", "LibWorkInstructions\LibWorkInstructions.csproj", "{8586358E-43B7-42F8-BC07-7B4CBCE4A7DC}"
EndProject
Project("{FAE04EC0-301F-11D3-BF4B-00C04F79EFBC}") = "LibWorkInstructionsTests", "LibWorkInstructionsTests\LibWorkInstructionsTests.csproj", "{0EFD7008-08E0-4D88-B225-40C031A0CE6D}"
EndProject
Global
	GlobalSection(SolutionConfigurationPlatforms) = preSolution
		Debug|Any CPU = Debug|Any CPU
		Release|Any CPU = Release|Any CPU
	EndGlobalSection
	GlobalSection(ProjectConfigurationPlatforms) = postSolution
		{8586358E-43B7-42F8-BC07-7B4CBCE4A7DC}.Debug|Any CPU.ActiveCfg = Debug|Any CPU
		{8586358E-43B7-42F8-BC07-7B4CBCE4A7DC}.Debug|Any CPU.Build.0 = Debug|Any CPU
		{8586358E-43B7-42F8-BC07-7B4CBCE4A7DC}.Release|Any CPU.ActiveCfg = Release|Any CPU
		{8586358E-43B7-42F8-BC07-7B4CBCE4A7DC}.Release|Any CPU.Build.0 = Release|Any CPU
		{0EFD7008-08E0-4D88-B225-40C031A0CE6D}.Debug|Any CPU.ActiveCfg = Debug|Any CPU
		{0EFD7008-08E0-4D88-B225-40C031A0CE6D}.Debug|Any CPU.Build.0 = Debug|Any CPU
		{0EFD7008-08E0-4D88-B225-40C031A0CE6D}.Release|Any CPU.ActiveCfg = Release|Any CPU
		{0EFD7008-08E0-4D88-B225-40C031A0CE6D}.Release|Any CPU.Build.0 = Release|Any CPU
	EndGlobalSection
	GlobalSection(SolutionProperties) = preSolution
		HideSolutionNode = FALSE
	EndGlobalSection
	GlobalSection(ExtensibilityGlobals) = postSolution
		SolutionGuid = {69E5D76D-7401-4FD8-91A2-B28EABAB6A9A}
	EndGlobalSection
EndGlobal
